{
  "requires": true,
  "lockfileVersion": 1,
  "dependencies": {
    "typedarray-to-buffer": {
      "version": "4.0.0",
      "resolved": "https://registry.npmjs.org/typedarray-to-buffer/-/typedarray-to-buffer-4.0.0.tgz",
      "integrity": "sha512-6dOYeZfS3O9RtRD1caom0sMxgK59b27+IwoNy8RDPsmslSGOyU+mpTamlaIW7aNKi90ZQZ9DFaZL3YRoiSCULQ=="
    }
  }
}
